{
  "name": "svm-replay-tests",
  "lockfileVersion": 3,
  "requires": true,
  "packages": {
    "": {
      "name": "svm-replay-tests",
      "devDependencies": {
        "lossless-json": "4.3.1"
      }
    },
    "node_modules/lossless-json": {
      "version": "4.3.1",
      "resolved": "https://registry.npmjs.org/lossless-json/-/lossless-json-4.3.1.tgz",
      "integrity": "sha512-SqD/Bg3ZfltBJ2Z14hJ/BihnvtV553WO4g9/ePtlp4lrnl9jF3AdIJt53A/Wkg/0Li+LMfxaBqgx1MiFZdQlpQ==",
      "dev": true,
      "license": "MIT"
    }
  }
}
